
Microsoft Visual Studio Solution File, Format Version 12.00
# Visual Studio 15
VisualStudioVersion = 15.0.28307.168
MinimumVisualStudioVersion = 10.0.40219.1
Project("{FAE04EC0-301F-11D3-BF4B-00C04F79EFBC}") = "ClassLibrary1", "ClassLibrary1\ClassLibrary1.csproj", "{EB21B570-DF65-495B-8B70-6FE86599B15D}"
EndProject
Global
	GlobalSection(SolutionConfigurationPlatforms) = preSolution
		Debug|Any CPU = Debug|Any CPU
		Release|Any CPU = Release|Any CPU
	EndGlobalSection
	GlobalSection(ProjectConfigurationPlatforms) = postSolution
		{EB21B570-DF65-495B-8B70-6FE86599B15D}.Debug|Any CPU.ActiveCfg = Debug|Any CPU
		{EB21B570-DF65-495B-8B70-6FE86599B15D}.Debug|Any CPU.Build.0 = Debug|Any CPU
		{EB21B570-DF65-495B-8B70-6FE86599B15D}.Release|Any CPU.ActiveCfg = Release|Any CPU
		{EB21B570-DF65-495B-8B70-6FE86599B15D}.Release|Any CPU.Build.0 = Release|Any CPU
	EndGlobalSection
	GlobalSection(SolutionProperties) = preSolution
		HideSolutionNode = FALSE
	EndGlobalSection
	GlobalSection(ExtensibilityGlobals) = postSolution
		SolutionGuid = {693BA398-B6E9-4C52-BD8A-DD6FDF42BBC7}
	EndGlobalSection
EndGlobal
